
Microsoft Visual Studio Solution File, Format Version 12.00
# Visual Studio Version 17
VisualStudioVersion = 17.12.35323.107
MinimumVisualStudioVersion = 10.0.40219.1
Project("{FAE04EC0-301F-11D3-BF4B-00C04F79EFBC}") = "SmartFaceProject", "SmartFaceProject\SmartFaceProject.csproj", "{C0EA92EE-C4CD-4B32-B0A2-CD60CAA85BAF}"
EndProject
Global
	GlobalSection(SolutionConfigurationPlatforms) = preSolution
		Debug|Any CPU = Debug|Any CPU
		Release|Any CPU = Release|Any CPU
	EndGlobalSection
	GlobalSection(ProjectConfigurationPlatforms) = postSolution
		{C0EA92EE-C4CD-4B32-B0A2-CD60CAA85BAF}.Debug|Any CPU.ActiveCfg = Debug|Any CPU
		{C0EA92EE-C4CD-4B32-B0A2-CD60CAA85BAF}.Debug|Any CPU.Build.0 = Debug|Any CPU
		{C0EA92EE-C4CD-4B32-B0A2-CD60CAA85BAF}.Release|Any CPU.ActiveCfg = Release|Any CPU
		{C0EA92EE-C4CD-4B32-B0A2-CD60CAA85BAF}.Release|Any CPU.Build.0 = Release|Any CPU
	EndGlobalSection
	GlobalSection(SolutionProperties) = preSolution
		HideSolutionNode = FALSE
	EndGlobalSection
	GlobalSection(ExtensibilityGlobals) = postSolution
		SolutionGuid = {64BDCC75-9021-46CF-B97F-0EAC91AD1A4A}
	EndGlobalSection
EndGlobal
